
Microsoft Visual Studio Solution File, Format Version 12.00
# Visual Studio 15
VisualStudioVersion = 15.0.27130.2024
MinimumVisualStudioVersion = 10.0.40219.1
Project("{FAE04EC0-301F-11D3-BF4B-00C04F79EFBC}") = "Anno.Api", "Anno.Api\Anno.Api.csproj", "{8079615A-CB29-4268-BEE5-A5DD6E7AB55F}"
EndProject
Project("{FAE04EC0-301F-11D3-BF4B-00C04F79EFBC}") = "Anno.SmartContracts", "Anno.SmartContracts\Anno.SmartContracts.csproj", "{A9EAE7A8-68C7-45D4-9288-765E7707CDF6}"
EndProject
Project("{FAE04EC0-301F-11D3-BF4B-00C04F79EFBC}") = "neo-lux", "neo-lux\neo-lux.csproj", "{B3AAA0D3-304E-4408-A052-E3E8A8FA2006}"
EndProject
Global
	GlobalSection(SolutionConfigurationPlatforms) = preSolution
		Debug|Any CPU = Debug|Any CPU
		Release|Any CPU = Release|Any CPU
	EndGlobalSection
	GlobalSection(ProjectConfigurationPlatforms) = postSolution
		{8079615A-CB29-4268-BEE5-A5DD6E7AB55F}.Debug|Any CPU.ActiveCfg = Debug|Any CPU
		{8079615A-CB29-4268-BEE5-A5DD6E7AB55F}.Debug|Any CPU.Build.0 = Debug|Any CPU
		{8079615A-CB29-4268-BEE5-A5DD6E7AB55F}.Release|Any CPU.ActiveCfg = Release|Any CPU
		{8079615A-CB29-4268-BEE5-A5DD6E7AB55F}.Release|Any CPU.Build.0 = Release|Any CPU
		{A9EAE7A8-68C7-45D4-9288-765E7707CDF6}.Debug|Any CPU.ActiveCfg = Debug|Any CPU
		{A9EAE7A8-68C7-45D4-9288-765E7707CDF6}.Debug|Any CPU.Build.0 = Debug|Any CPU
		{A9EAE7A8-68C7-45D4-9288-765E7707CDF6}.Release|Any CPU.ActiveCfg = Release|Any CPU
		{A9EAE7A8-68C7-45D4-9288-765E7707CDF6}.Release|Any CPU.Build.0 = Release|Any CPU
		{B3AAA0D3-304E-4408-A052-E3E8A8FA2006}.Debug|Any CPU.ActiveCfg = Debug|Any CPU
		{B3AAA0D3-304E-4408-A052-E3E8A8FA2006}.Debug|Any CPU.Build.0 = Debug|Any CPU
		{B3AAA0D3-304E-4408-A052-E3E8A8FA2006}.Release|Any CPU.ActiveCfg = Release|Any CPU
		{B3AAA0D3-304E-4408-A052-E3E8A8FA2006}.Release|Any CPU.Build.0 = Release|Any CPU
	EndGlobalSection
	GlobalSection(SolutionProperties) = preSolution
		HideSolutionNode = FALSE
	EndGlobalSection
	GlobalSection(ExtensibilityGlobals) = postSolution
		SolutionGuid = {EEC99141-D3C5-46EB-B65D-06CCF14C9B2C}
	EndGlobalSection
EndGlobal
